
Microsoft Visual Studio Solution File, Format Version 12.00
# Visual Studio 15
VisualStudioVersion = 15.0.28307.1209
MinimumVisualStudioVersion = 10.0.40219.1
Project("{FAE04EC0-301F-11D3-BF4B-00C04F79EFBC}") = "ShogiDragon", "ShogiDragon.csproj", "{104C182A-2D63-4490-807B-070B6B30A409}"
EndProject
Global
	GlobalSection(SolutionConfigurationPlatforms) = preSolution
		Debug|Any CPU = Debug|Any CPU
		Release|Any CPU = Release|Any CPU
	EndGlobalSection
	GlobalSection(ProjectConfigurationPlatforms) = postSolution
		{104C182A-2D63-4490-807B-070B6B30A409}.Debug|Any CPU.ActiveCfg = Debug|Any CPU
		{104C182A-2D63-4490-807B-070B6B30A409}.Debug|Any CPU.Build.0 = Debug|Any CPU
		{104C182A-2D63-4490-807B-070B6B30A409}.Release|Any CPU.ActiveCfg = Release|Any CPU
		{104C182A-2D63-4490-807B-070B6B30A409}.Release|Any CPU.Build.0 = Release|Any CPU
	EndGlobalSection
	GlobalSection(SolutionProperties) = preSolution
		HideSolutionNode = FALSE
	EndGlobalSection
	GlobalSection(ExtensibilityGlobals) = postSolution
		SolutionGuid = {244D5A10-B008-4C78-9327-B8525BFB04D8}
	EndGlobalSection
EndGlobal
